
Microsoft Visual Studio Solution File, Format Version 12.00
# Visual Studio 2013
VisualStudioVersion = 12.0.40629.0
MinimumVisualStudioVersion = 10.0.40219.1
Project("{8BC9CEB8-8B4A-11D0-8D11-00A0C91BC942}") = "Nekodb", "Nekodb\Nekodb.vcxproj", "{7C59A978-C980-444E-A75B-3AB0B70FBF5B}"
EndProject
Project("{8BC9CEB8-8B4A-11D0-8D11-00A0C91BC942}") = "Test", "Test\Test.vcxproj", "{89D5E835-137C-4E67-9177-E50214576DA2}"
EndProject
Project("{8BC9CEB8-8B4A-11D0-8D11-00A0C91BC942}") = "NekoCache", "NekoCache\NekoCache.vcxproj", "{39D73707-BCD3-4F0A-90AF-C0CB8620935E}"
EndProject
Global
	GlobalSection(SolutionConfigurationPlatforms) = preSolution
		Debug|Win32 = Debug|Win32
		Release|Win32 = Release|Win32
	EndGlobalSection
	GlobalSection(ProjectConfigurationPlatforms) = postSolution
		{7C59A978-C980-444E-A75B-3AB0B70FBF5B}.Debug|Win32.ActiveCfg = Debug|Win32
		{7C59A978-C980-444E-A75B-3AB0B70FBF5B}.Debug|Win32.Build.0 = Debug|Win32
		{7C59A978-C980-444E-A75B-3AB0B70FBF5B}.Release|Win32.ActiveCfg = Release|Win32
		{7C59A978-C980-444E-A75B-3AB0B70FBF5B}.Release|Win32.Build.0 = Release|Win32
		{89D5E835-137C-4E67-9177-E50214576DA2}.Debug|Win32.ActiveCfg = Debug|Win32
		{89D5E835-137C-4E67-9177-E50214576DA2}.Debug|Win32.Build.0 = Debug|Win32
		{89D5E835-137C-4E67-9177-E50214576DA2}.Release|Win32.ActiveCfg = Release|Win32
		{89D5E835-137C-4E67-9177-E50214576DA2}.Release|Win32.Build.0 = Release|Win32
		{39D73707-BCD3-4F0A-90AF-C0CB8620935E}.Debug|Win32.ActiveCfg = Debug|Win32
		{39D73707-BCD3-4F0A-90AF-C0CB8620935E}.Debug|Win32.Build.0 = Debug|Win32
		{39D73707-BCD3-4F0A-90AF-C0CB8620935E}.Release|Win32.ActiveCfg = Release|Win32
		{39D73707-BCD3-4F0A-90AF-C0CB8620935E}.Release|Win32.Build.0 = Release|Win32
	EndGlobalSection
	GlobalSection(SolutionProperties) = preSolution
		HideSolutionNode = FALSE
	EndGlobalSection
EndGlobal
